// !$*UTF8*$!
{
	archiveVersion = 1;
	classes = {
	};
	objectVersion = 56;
	objects = {

/* Begin PBXBuildFile section */
		6007B16A2A7FA02C004A365F /* LocationManager.swift in Sources */ = {isa = PBXBuildFile; fileRef = 6007B1692A7FA02C004A365F /* LocationManager.swift */; };
		60121B8E2A708EB200E48C73 /* KevychTestTaskSwiftUIApp.swift in Sources */ = {isa = PBXBuildFile; fileRef = 60121B8D2A708EB200E48C73 /* KevychTestTaskSwiftUIApp.swift */; };
		60121B902A708EB200E48C73 /* ContentView.swift in Sources */ = {isa = PBXBuildFile; fileRef = 60121B8F2A708EB200E48C73 /* ContentView.swift */; };
		60121B922A708EB400E48C73 /* Assets.xcassets in Resources */ = {isa = PBXBuildFile; fileRef = 60121B912A708EB400E48C73 /* Assets.xcassets */; };
		60121B952A708EB400E48C73 /* Preview Assets.xcassets in Resources */ = {isa = PBXBuildFile; fileRef = 60121B942A708EB400E48C73 /* Preview Assets.xcassets */; };
		60121B9F2A708FA000E48C73 /* SDWebImage in Frameworks */ = {isa = PBXBuildFile; productRef = 60121B9E2A708FA000E48C73 /* SDWebImage */; };
		60121BA12A708FA000E48C73 /* SDWebImageMapKit in Frameworks */ = {isa = PBXBuildFile; productRef = 60121BA02A708FA000E48C73 /* SDWebImageMapKit */; };
		60121BA42A708FBA00E48C73 /* SDWebImageSwiftUI in Frameworks */ = {isa = PBXBuildFile; productRef = 60121BA32A708FBA00E48C73 /* SDWebImageSwiftUI */; };
		60121BA62A708FE200E48C73 /* ForecastViewModel.swift in Sources */ = {isa = PBXBuildFile; fileRef = 60121BA52A708FE200E48C73 /* ForecastViewModel.swift */; };
		60121BA82A70901A00E48C73 /* UIApplication+Extensions.swift in Sources */ = {isa = PBXBuildFile; fileRef = 60121BA72A70901A00E48C73 /* UIApplication+Extensions.swift */; };
		60121BAA2A70903B00E48C73 /* ForecastListViewModel.swift in Sources */ = {isa = PBXBuildFile; fileRef = 60121BA92A70903B00E48C73 /* ForecastListViewModel.swift */; };
		60121BAC2A70905500E48C73 /* ForecastModel.swift in Sources */ = {isa = PBXBuildFile; fileRef = 60121BAB2A70905500E48C73 /* ForecastModel.swift */; };
		60121BAE2A70908C00E48C73 /* APIService.swift in Sources */ = {isa = PBXBuildFile; fileRef = 60121BAD2A70908C00E48C73 /* APIService.swift */; };
		6047A5E12A802EAF009B27A0 /* HourlyForecastListViewModel.swift in Sources */ = {isa = PBXBuildFile; fileRef = 6047A5E02A802EAF009B27A0 /* HourlyForecastListViewModel.swift */; };
		6047A5E32A802EDE009B27A0 /* HourlyForecastViewModel.swift in Sources */ = {isa = PBXBuildFile; fileRef = 6047A5E22A802EDE009B27A0 /* HourlyForecastViewModel.swift */; };
		6047A5E52A802EFA009B27A0 /* HourlyForecast.swift in Sources */ = {isa = PBXBuildFile; fileRef = 6047A5E42A802EFA009B27A0 /* HourlyForecast.swift */; };
		6047A5E72A802F5A009B27A0 /* DailyForecastView.swift in Sources */ = {isa = PBXBuildFile; fileRef = 6047A5E62A802F5A009B27A0 /* DailyForecastView.swift */; };
		6047A5E92A802F93009B27A0 /* ViewComponents.swift in Sources */ = {isa = PBXBuildFile; fileRef = 6047A5E82A802F93009B27A0 /* ViewComponents.swift */; };
		6047A5EB2A802FE4009B27A0 /* CityListView.swift in Sources */ = {isa = PBXBuildFile; fileRef = 6047A5EA2A802FE4009B27A0 /* CityListView.swift */; };
		6047A5ED2A803503009B27A0 /* HourlyForecastView.swift in Sources */ = {isa = PBXBuildFile; fileRef = 6047A5EC2A803503009B27A0 /* HourlyForecastView.swift */; };
		6047A5EF2A80352A009B27A0 /* DailyWeatherView.swift in Sources */ = {isa = PBXBuildFile; fileRef = 6047A5EE2A80352A009B27A0 /* DailyWeatherView.swift */; };
		6047A5F12A803552009B27A0 /* HourlyForecastListView.swift in Sources */ = {isa = PBXBuildFile; fileRef = 6047A5F02A803552009B27A0 /* HourlyForecastListView.swift */; };
		6047A5FB2A8044CE009B27A0 /* CityModel.swift in Sources */ = {isa = PBXBuildFile; fileRef = 6047A5FA2A8044CE009B27A0 /* CityModel.swift */; };
		6047A5FD2A8257EE009B27A0 /* HourlyDetailsView.swift in Sources */ = {isa = PBXBuildFile; fileRef = 6047A5FC2A8257EE009B27A0 /* HourlyDetailsView.swift */; };
/* End PBXBuildFile section */

/* Begin PBXFileReference section */
		6007B1692A7FA02C004A365F /* LocationManager.swift */ = {isa = PBXFileReference; lastKnownFileType = sourcecode.swift; path = LocationManager.swift; sourceTree = "<group>"; };
		60121B8A2A708EB200E48C73 /* KevychTestTaskSwiftUI.app */ = {isa = PBXFileReference; explicitFileType = wrapper.application; includeInIndex = 0; path = KevychTestTaskSwiftUI.app; sourceTree = BUILT_PRODUCTS_DIR; };
		60121B8D2A708EB200E48C73 /* KevychTestTaskSwiftUIApp.swift */ = {isa = PBXFileReference; lastKnownFileType = sourcecode.swift; path = KevychTestTaskSwiftUIApp.swift; sourceTree = "<group>"; };
		60121B8F2A708EB200E48C73 /* ContentView.swift */ = {isa = PBXFileReference; lastKnownFileType = sourcecode.swift; path = ContentView.swift; sourceTree = "<group>"; };
		60121B912A708EB400E48C73 /* Assets.xcassets */ = {isa = PBXFileReference; lastKnownFileType = folder.assetcatalog; path = Assets.xcassets; sourceTree = "<group>"; };
		60121B942A708EB400E48C73 /* Preview Assets.xcassets */ = {isa = PBXFileReference; lastKnownFileType = folder.assetcatalog; path = "Preview Assets.xcassets"; sourceTree = "<group>"; };
		60121B9B2A708F0A00E48C73 /* Info.plist */ = {isa = PBXFileReference; fileEncoding = 4; lastKnownFileType = text.plist.xml; path = Info.plist; sourceTree = "<group>"; };
		60121BA52A708FE200E48C73 /* ForecastViewModel.swift */ = {isa = PBXFileReference; lastKnownFileType = sourcecode.swift; path = ForecastViewModel.swift; sourceTree = "<group>"; };
		60121BA72A70901A00E48C73 /* UIApplication+Extensions.swift */ = {isa = PBXFileReference; lastKnownFileType = sourcecode.swift; path = "UIApplication+Extensions.swift"; sourceTree = "<group>"; };
		60121BA92A70903B00E48C73 /* ForecastListViewModel.swift */ = {isa = PBXFileReference; lastKnownFileType = sourcecode.swift; path = ForecastListViewModel.swift; sourceTree = "<group>"; };
		60121BAB2A70905500E48C73 /* ForecastModel.swift */ = {isa = PBXFileReference; lastKnownFileType = sourcecode.swift; path = ForecastModel.swift; sourceTree = "<group>"; };
		60121BAD2A70908C00E48C73 /* APIService.swift */ = {isa = PBXFileReference; lastKnownFileType = sourcecode.swift; path = APIService.swift; sourceTree = "<group>"; };
		6047A5E02A802EAF009B27A0 /* HourlyForecastListViewModel.swift */ = {isa = PBXFileReference; lastKnownFileType = sourcecode.swift; path = HourlyForecastListViewModel.swift; sourceTree = "<group>"; };
		6047A5E22A802EDE009B27A0 /* HourlyForecastViewModel.swift */ = {isa = PBXFileReference; lastKnownFileType = sourcecode.swift; path = HourlyForecastViewModel.swift; sourceTree = "<group>"; };
		6047A5E42A802EFA009B27A0 /* HourlyForecast.swift */ = {isa = PBXFileReference; lastKnownFileType = sourcecode.swift; path = HourlyForecast.swift; sourceTree = "<group>"; };
		6047A5E62A802F5A009B27A0 /* DailyForecastView.swift */ = {isa = PBXFileReference; lastKnownFileType = sourcecode.swift; path = DailyForecastView.swift; sourceTree = "<group>"; };
		6047A5E82A802F93009B27A0 /* ViewComponents.swift */ = {isa = PBXFileReference; lastKnownFileType = sourcecode.swift; path = ViewComponents.swift; sourceTree = "<group>"; };
		6047A5EA2A802FE4009B27A0 /* CityListView.swift */ = {isa = PBXFileReference; lastKnownFileType = sourcecode.swift; path = CityListView.swift; sourceTree = "<group>"; };
		6047A5EC2A803503009B27A0 /* HourlyForecastView.swift */ = {isa = PBXFileReference; lastKnownFileType = sourcecode.swift; path = HourlyForecastView.swift; sourceTree = "<group>"; };
		6047A5EE2A80352A009B27A0 /* DailyWeatherView.swift */ = {isa = PBXFileReference; lastKnownFileType = sourcecode.swift; path = DailyWeatherView.swift; sourceTree = "<group>"; };
		6047A5F02A803552009B27A0 /* HourlyForecastListView.swift */ = {isa = PBXFileReference; lastKnownFileType = sourcecode.swift; path = HourlyForecastListView.swift; sourceTree = "<group>"; };
		6047A5FA2A8044CE009B27A0 /* CityModel.swift */ = {isa = PBXFileReference; lastKnownFileType = sourcecode.swift; path = CityModel.swift; sourceTree = "<group>"; };
		6047A5FC2A8257EE009B27A0 /* HourlyDetailsView.swift */ = {isa = PBXFileReference; lastKnownFileType = sourcecode.swift; path = HourlyDetailsView.swift; sourceTree = "<group>"; };
/* End PBXFileReference section */

/* Begin PBXFrameworksBuildPhase section */
		60121B872A708EB200E48C73 /* Frameworks */ = {
			isa = PBXFrameworksBuildPhase;
			buildActionMask = 2147483647;
			files = (
				60121BA42A708FBA00E48C73 /* SDWebImageSwiftUI in Frameworks */,
				60121BA12A708FA000E48C73 /* SDWebImageMapKit in Frameworks */,
				60121B9F2A708FA000E48C73 /* SDWebImage in Frameworks */,
			);
			runOnlyForDeploymentPostprocessing = 0;
		};
/* End PBXFrameworksBuildPhase section */

/* Begin PBXGroup section */
		60121B812A708EB200E48C73 = {
			isa = PBXGroup;
			children = (
				60121B8C2A708EB200E48C73 /* KevychTestTaskSwiftUI */,
				60121B8B2A708EB200E48C73 /* Products */,
			);
			sourceTree = "<group>";
		};
		60121B8B2A708EB200E48C73 /* Products */ = {
			isa = PBXGroup;
			children = (
				60121B8A2A708EB200E48C73 /* KevychTestTaskSwiftUI.app */,
			);
			name = Products;
			sourceTree = "<group>";
		};
		60121B8C2A708EB200E48C73 /* KevychTestTaskSwiftUI */ = {
			isa = PBXGroup;
			children = (
				60121B8D2A708EB200E48C73 /* KevychTestTaskSwiftUIApp.swift */,
				6047A5F22A80358D009B27A0 /* Views */,
				6047A5F32A8035A1009B27A0 /* ViewModels */,
				6047A5F52A8035E1009B27A0 /* API */,
				6047A5F92A803678009B27A0 /* Managers */,
				6047A5F42A8035C4009B27A0 /* Extensions */,
				60121B9B2A708F0A00E48C73 /* Info.plist */,
				60121B912A708EB400E48C73 /* Assets.xcassets */,
				60121B932A708EB400E48C73 /* Preview Content */,
			);
			path = KevychTestTaskSwiftUI;
			sourceTree = "<group>";
		};
		60121B932A708EB400E48C73 /* Preview Content */ = {
			isa = PBXGroup;
			children = (
				60121B942A708EB400E48C73 /* Preview Assets.xcassets */,
			);
			path = "Preview Content";
			sourceTree = "<group>";
		};
		6047A5F22A80358D009B27A0 /* Views */ = {
			isa = PBXGroup;
			children = (
				60121B8F2A708EB200E48C73 /* ContentView.swift */,
				6047A5EA2A802FE4009B27A0 /* CityListView.swift */,
				6047A5F02A803552009B27A0 /* HourlyForecastListView.swift */,
				6047A5EE2A80352A009B27A0 /* DailyWeatherView.swift */,
				6047A5EC2A803503009B27A0 /* HourlyForecastView.swift */,
				6047A5FC2A8257EE009B27A0 /* HourlyDetailsView.swift */,
				6047A5E62A802F5A009B27A0 /* DailyForecastView.swift */,
				6047A5F62A803602009B27A0 /* COmponents */,
			);
			path = Views;
			sourceTree = "<group>";
		};
		6047A5F32A8035A1009B27A0 /* ViewModels */ = {
			isa = PBXGroup;
			children = (
				60121BA92A70903B00E48C73 /* ForecastListViewModel.swift */,
				6047A5E02A802EAF009B27A0 /* HourlyForecastListViewModel.swift */,
				60121BA52A708FE200E48C73 /* ForecastViewModel.swift */,
				6047A5E22A802EDE009B27A0 /* HourlyForecastViewModel.swift */,
			);
			path = ViewModels;
			sourceTree = "<group>";
		};
		6047A5F42A8035C4009B27A0 /* Extensions */ = {
			isa = PBXGroup;
			children = (
				60121BA72A70901A00E48C73 /* UIApplication+Extensions.swift */,
			);
			path = Extensions;
			sourceTree = "<group>";
		};
		6047A5F52A8035E1009B27A0 /* API */ = {
			isa = PBXGroup;
			children = (
				6047A5F72A803633009B27A0 /* APIService */,
				6047A5F82A80363C009B27A0 /* APIModels */,
			);
			path = API;
			sourceTree = "<group>";
		};
		6047A5F62A803602009B27A0 /* COmponents */ = {
			isa = PBXGroup;
			children = (
				6047A5E82A802F93009B27A0 /* ViewComponents.swift */,
			);
			path = COmponents;
			sourceTree = "<group>";
		};
		6047A5F72A803633009B27A0 /* APIService */ = {
			isa = PBXGroup;
			children = (
				60121BAD2A70908C00E48C73 /* APIService.swift */,
			);
			path = APIService;
			sourceTree = "<group>";
		};
		6047A5F82A80363C009B27A0 /* APIModels */ = {
			isa = PBXGroup;
			children = (
				6047A5E42A802EFA009B27A0 /* HourlyForecast.swift */,
				60121BAB2A70905500E48C73 /* ForecastModel.swift */,
				6047A5FA2A8044CE009B27A0 /* CityModel.swift */,
			);
			path = APIModels;
			sourceTree = "<group>";
		};
		6047A5F92A803678009B27A0 /* Managers */ = {
			isa = PBXGroup;
			children = (
				6007B1692A7FA02C004A365F /* LocationManager.swift */,
			);
			path = Managers;
			sourceTree = "<group>";
		};
/* End PBXGroup section */

/* Begin PBXNativeTarget section */
		60121B892A708EB200E48C73 /* KevychTestTaskSwiftUI */ = {
			isa = PBXNativeTarget;
			buildConfigurationList = 60121B982A708EB400E48C73 /* Build configuration list for PBXNativeTarget "KevychTestTaskSwiftUI" */;
			buildPhases = (
				60121B862A708EB200E48C73 /* Sources */,
				60121B872A708EB200E48C73 /* Frameworks */,
				60121B882A708EB200E48C73 /* Resources */,
			);
			buildRules = (
			);
			dependencies = (
			);
			name = KevychTestTaskSwiftUI;
			packageProductDependencies = (
				60121B9E2A708FA000E48C73 /* SDWebImage */,
				60121BA02A708FA000E48C73 /* SDWebImageMapKit */,
				60121BA32A708FBA00E48C73 /* SDWebImageSwiftUI */,
			);
			productName = KevychTestTaskSwiftUI;
			productReference = 60121B8A2A708EB200E48C73 /* KevychTestTaskSwiftUI.app */;
			productType = "com.apple.product-type.application";
		};
/* End PBXNativeTarget section */

/* Begin PBXProject section */
		60121B822A708EB200E48C73 /* Project object */ = {
			isa = PBXProject;
			attributes = {
				BuildIndependentTargetsInParallel = 1;
				LastSwiftUpdateCheck = 1430;
				LastUpgradeCheck = 1430;
				TargetAttributes = {
					60121B892A708EB200E48C73 = {
						CreatedOnToolsVersion = 14.3;
					};
				};
			};
			buildConfigurationList = 60121B852A708EB200E48C73 /* Build configuration list for PBXProject "KevychTestTaskSwiftUI" */;
			compatibilityVersion = "Xcode 14.0";
			developmentRegion = en;
			hasScannedForEncodings = 0;
			knownRegions = (
				en,
				Base,
			);
			mainGroup = 60121B812A708EB200E48C73;
			packageReferences = (
				60121B9D2A708F9F00E48C73 /* XCRemoteSwiftPackageReference "SDWebImage" */,
				60121BA22A708FBA00E48C73 /* XCRemoteSwiftPackageReference "SDWebImageSwiftUI" */,
			);
			productRefGroup = 60121B8B2A708EB200E48C73 /* Products */;
			projectDirPath = "";
			projectRoot = "";
			targets = (
				60121B892A708EB200E48C73 /* KevychTestTaskSwiftUI */,
			);
		};
/* End PBXProject section */

/* Begin PBXResourcesBuildPhase section */
		60121B882A708EB200E48C73 /* Resources */ = {
			isa = PBXResourcesBuildPhase;
			buildActionMask = 2147483647;
			files = (
				60121B952A708EB400E48C73 /* Preview Assets.xcassets in Resources */,
				60121B922A708EB400E48C73 /* Assets.xcassets in Resources */,
			);
			runOnlyForDeploymentPostprocessing = 0;
		};
/* End PBXResourcesBuildPhase section */

/* Begin PBXSourcesBuildPhase section */
		60121B862A708EB200E48C73 /* Sources */ = {
			isa = PBXSourcesBuildPhase;
			buildActionMask = 2147483647;
			files = (
				6047A5E32A802EDE009B27A0 /* HourlyForecastViewModel.swift in Sources */,
				60121BA62A708FE200E48C73 /* ForecastViewModel.swift in Sources */,
				6047A5FD2A8257EE009B27A0 /* HourlyDetailsView.swift in Sources */,
				60121BAE2A70908C00E48C73 /* APIService.swift in Sources */,
				6047A5EB2A802FE4009B27A0 /* CityListView.swift in Sources */,
				6047A5E72A802F5A009B27A0 /* DailyForecastView.swift in Sources */,
				60121B902A708EB200E48C73 /* ContentView.swift in Sources */,
				60121B8E2A708EB200E48C73 /* KevychTestTaskSwiftUIApp.swift in Sources */,
				6007B16A2A7FA02C004A365F /* LocationManager.swift in Sources */,
				6047A5FB2A8044CE009B27A0 /* CityModel.swift in Sources */,
				6047A5E12A802EAF009B27A0 /* HourlyForecastListViewModel.swift in Sources */,
				60121BA82A70901A00E48C73 /* UIApplication+Extensions.swift in Sources */,
				6047A5E52A802EFA009B27A0 /* HourlyForecast.swift in Sources */,
				60121BAC2A70905500E48C73 /* ForecastModel.swift in Sources */,
				60121BAA2A70903B00E48C73 /* ForecastListViewModel.swift in Sources */,
				6047A5E92A802F93009B27A0 /* ViewComponents.swift in Sources */,
				6047A5ED2A803503009B27A0 /* HourlyForecastView.swift in Sources */,
				6047A5EF2A80352A009B27A0 /* DailyWeatherView.swift in Sources */,
				6047A5F12A803552009B27A0 /* HourlyForecastListView.swift in Sources */,
			);
			runOnlyForDeploymentPostprocessing = 0;
		};
/* End PBXSourcesBuildPhase section */

/* Begin XCBuildConfiguration section */
		60121B962A708EB400E48C73 /* Debug */ = {
			isa = XCBuildConfiguration;
			buildSettings = {
				ALWAYS_SEARCH_USER_PATHS = NO;
				CLANG_ANALYZER_NONNULL = YES;
				CLANG_ANALYZER_NUMBER_OBJECT_CONVERSION = YES_AGGRESSIVE;
				CLANG_CXX_LANGUAGE_STANDARD = "gnu++20";
				CLANG_ENABLE_MODULES = YES;
				CLANG_ENABLE_OBJC_ARC = YES;
				CLANG_ENABLE_OBJC_WEAK = YES;
				CLANG_WARN_BLOCK_CAPTURE_AUTORELEASING = YES;
				CLANG_WARN_BOOL_CONVERSION = YES;
				CLANG_WARN_COMMA = YES;
				CLANG_WARN_CONSTANT_CONVERSION = YES;
				CLANG_WARN_DEPRECATED_OBJC_IMPLEMENTATIONS = YES;
				CLANG_WARN_DIRECT_OBJC_ISA_USAGE = YES_ERROR;
				CLANG_WARN_DOCUMENTATION_COMMENTS = YES;
				CLANG_WARN_EMPTY_BODY = YES;
				CLANG_WARN_ENUM_CONVERSION = YES;
				CLANG_WARN_INFINITE_RECURSION = YES;
				CLANG_WARN_INT_CONVERSION = YES;
				CLANG_WARN_NON_LITERAL_NULL_CONVERSION = YES;
				CLANG_WARN_OBJC_IMPLICIT_RETAIN_SELF = YES;
				CLANG_WARN_OBJC_LITERAL_CONVERSION = YES;
				CLANG_WARN_OBJC_ROOT_CLASS = YES_ERROR;
				CLANG_WARN_QUOTED_INCLUDE_IN_FRAMEWORK_HEADER = YES;
				CLANG_WARN_RANGE_LOOP_ANALYSIS = YES;
				CLANG_WARN_STRICT_PROTOTYPES = YES;
				CLANG_WARN_SUSPICIOUS_MOVE = YES;
				CLANG_WARN_UNGUARDED_AVAILABILITY = YES_AGGRESSIVE;
				CLANG_WARN_UNREACHABLE_CODE = YES;
				CLANG_WARN__DUPLICATE_METHOD_MATCH = YES;
				COPY_PHASE_STRIP = NO;
				DEBUG_INFORMATION_FORMAT = dwarf;
				ENABLE_STRICT_OBJC_MSGSEND = YES;
				ENABLE_TESTABILITY = YES;
				GCC_C_LANGUAGE_STANDARD = gnu11;
				GCC_DYNAMIC_NO_PIC = NO;
				GCC_NO_COMMON_BLOCKS = YES;
				GCC_OPTIMIZATION_LEVEL = 0;
				GCC_PREPROCESSOR_DEFINITIONS = (
					"DEBUG=1",
					"$(inherited)",
				);
				GCC_WARN_64_TO_32_BIT_CONVERSION = YES;
				GCC_WARN_ABOUT_RETURN_TYPE = YES_ERROR;
				GCC_WARN_UNDECLARED_SELECTOR = YES;
				GCC_WARN_UNINITIALIZED_AUTOS = YES_AGGRESSIVE;
				GCC_WARN_UNUSED_FUNCTION = YES;
				GCC_WARN_UNUSED_VARIABLE = YES;
				IPHONEOS_DEPLOYMENT_TARGET = 16.4;
				MTL_ENABLE_DEBUG_INFO = INCLUDE_SOURCE;
				MTL_FAST_MATH = YES;
				ONLY_ACTIVE_ARCH = YES;
				SDKROOT = iphoneos;
				SWIFT_ACTIVE_COMPILATION_CONDITIONS = DEBUG;
				SWIFT_OPTIMIZATION_LEVEL = "-Onone";
			};
			name = Debug;
		};
		60121B972A708EB400E48C73 /* Release */ = {
			isa = XCBuildConfiguration;
			buildSettings = {
				ALWAYS_SEARCH_USER_PATHS = NO;
				CLANG_ANALYZER_NONNULL = YES;
				CLANG_ANALYZER_NUMBER_OBJECT_CONVERSION = YES_AGGRESSIVE;
				CLANG_CXX_LANGUAGE_STANDARD = "gnu++20";
				CLANG_ENABLE_MODULES = YES;
				CLANG_ENABLE_OBJC_ARC = YES;
				CLANG_ENABLE_OBJC_WEAK = YES;
				CLANG_WARN_BLOCK_CAPTURE_AUTORELEASING = YES;
				CLANG_WARN_BOOL_CONVERSION = YES;
				CLANG_WARN_COMMA = YES;
				CLANG_WARN_CONSTANT_CONVERSION = YES;
				CLANG_WARN_DEPRECATED_OBJC_IMPLEMENTATIONS = YES;
				CLANG_WARN_DIRECT_OBJC_ISA_USAGE = YES_ERROR;
				CLANG_WARN_DOCUMENTATION_COMMENTS = YES;
				CLANG_WARN_EMPTY_BODY = YES;
				CLANG_WARN_ENUM_CONVERSION = YES;
				CLANG_WARN_INFINITE_RECURSION = YES;
				CLANG_WARN_INT_CONVERSION = YES;
				CLANG_WARN_NON_LITERAL_NULL_CONVERSION = YES;
				CLANG_WARN_OBJC_IMPLICIT_RETAIN_SELF = YES;
				CLANG_WARN_OBJC_LITERAL_CONVERSION = YES;
				CLANG_WARN_OBJC_ROOT_CLASS = YES_ERROR;
				CLANG_WARN_QUOTED_INCLUDE_IN_FRAMEWORK_HEADER = YES;
				CLANG_WARN_RANGE_LOOP_ANALYSIS = YES;
				CLANG_WARN_STRICT_PROTOTYPES = YES;
				CLANG_WARN_SUSPICIOUS_MOVE = YES;
				CLANG_WARN_UNGUARDED_AVAILABILITY = YES_AGGRESSIVE;
				CLANG_WARN_UNREACHABLE_CODE = YES;
				CLANG_WARN__DUPLICATE_METHOD_MATCH = YES;
				COPY_PHASE_STRIP = NO;
				DEBUG_INFORMATION_FORMAT = "dwarf-with-dsym";
				ENABLE_NS_ASSERTIONS = NO;
				ENABLE_STRICT_OBJC_MSGSEND = YES;
				GCC_C_LANGUAGE_STANDARD = gnu11;
				GCC_NO_COMMON_BLOCKS = YES;
				GCC_WARN_64_TO_32_BIT_CONVERSION = YES;
				GCC_WARN_ABOUT_RETURN_TYPE = YES_ERROR;
				GCC_WARN_UNDECLARED_SELECTOR = YES;
				GCC_WARN_UNINITIALIZED_AUTOS = YES_AGGRESSIVE;
				GCC_WARN_UNUSED_FUNCTION = YES;
				GCC_WARN_UNUSED_VARIABLE = YES;
				IPHONEOS_DEPLOYMENT_TARGET = 16.4;
				MTL_ENABLE_DEBUG_INFO = NO;
				MTL_FAST_MATH = YES;
				SDKROOT = iphoneos;
				SWIFT_COMPILATION_MODE = wholemodule;
				SWIFT_OPTIMIZATION_LEVEL = "-O";
				VALIDATE_PRODUCT = YES;
			};
			name = Release;
		};
		60121B992A708EB400E48C73 /* Debug */ = {
			isa = XCBuildConfiguration;
			buildSettings = {
				ASSETCATALOG_COMPILER_APPICON_NAME = AppIcon;
				ASSETCATALOG_COMPILER_GLOBAL_ACCENT_COLOR_NAME = AccentColor;
				CODE_SIGN_STYLE = Automatic;
				CURRENT_PROJECT_VERSION = 1;
				DEVELOPMENT_ASSET_PATHS = "\"KevychTestTaskSwiftUI/Preview Content\"";
				DEVELOPMENT_TEAM = R8BL5N24J7;
				ENABLE_PREVIEWS = YES;
				GENERATE_INFOPLIST_FILE = YES;
				INFOPLIST_KEY_NSLocationWhenInUseUsageDescription = "Aps need to access your location data to tell you your location";
				INFOPLIST_KEY_UIApplicationSceneManifest_Generation = YES;
				INFOPLIST_KEY_UIApplicationSupportsIndirectInputEvents = YES;
				INFOPLIST_KEY_UILaunchScreen_Generation = YES;
				INFOPLIST_KEY_UISupportedInterfaceOrientations_iPad = "UIInterfaceOrientationPortrait UIInterfaceOrientationPortraitUpsideDown UIInterfaceOrientationLandscapeLeft UIInterfaceOrientationLandscapeRight";
				INFOPLIST_KEY_UISupportedInterfaceOrientations_iPhone = "UIInterfaceOrientationPortrait UIInterfaceOrientationLandscapeLeft UIInterfaceOrientationLandscapeRight";
				LD_RUNPATH_SEARCH_PATHS = (
					"$(inherited)",
					"@executable_path/Frameworks",
				);
				MARKETING_VERSION = 1.0;
				PRODUCT_BUNDLE_IDENTIFIER = gfnj.KevychTestTaskSwiftUI;
				PRODUCT_NAME = "$(TARGET_NAME)";
				SWIFT_EMIT_LOC_STRINGS = YES;
				SWIFT_VERSION = 5.0;
				TARGETED_DEVICE_FAMILY = "1,2";
			};
			name = Debug;
		};
		60121B9A2A708EB400E48C73 /* Release */ = {
			isa = XCBuildConfiguration;
			buildSettings = {
				ASSETCATALOG_COMPILER_APPICON_NAME = AppIcon;
				ASSETCATALOG_COMPILER_GLOBAL_ACCENT_COLOR_NAME = AccentColor;
				CODE_SIGN_STYLE = Automatic;
				CURRENT_PROJECT_VERSION = 1;
				DEVELOPMENT_ASSET_PATHS = "\"KevychTestTaskSwiftUI/Preview Content\"";
				DEVELOPMENT_TEAM = R8BL5N24J7;
				ENABLE_PREVIEWS = YES;
				GENERATE_INFOPLIST_FILE = YES;
				INFOPLIST_KEY_NSLocationWhenInUseUsageDescription = "Aps need to access your location data to tell you your location";
				INFOPLIST_KEY_UIApplicationSceneManifest_Generation = YES;
				INFOPLIST_KEY_UIApplicationSupportsIndirectInputEvents = YES;
				INFOPLIST_KEY_UILaunchScreen_Generation = YES;
				INFOPLIST_KEY_UISupportedInterfaceOrientations_iPad = "UIInterfaceOrientationPortrait UIInterfaceOrientationPortraitUpsideDown UIInterfaceOrientationLandscapeLeft UIInterfaceOrientationLandscapeRight";
				INFOPLIST_KEY_UISupportedInterfaceOrientations_iPhone = "UIInterfaceOrientationPortrait UIInterfaceOrientationLandscapeLeft UIInterfaceOrientationLandscapeRight";
				LD_RUNPATH_SEARCH_PATHS = (
					"$(inherited)",
					"@executable_path/Frameworks",
				);
				MARKETING_VERSION = 1.0;
				PRODUCT_BUNDLE_IDENTIFIER = gfnj.KevychTestTaskSwiftUI;
				PRODUCT_NAME = "$(TARGET_NAME)";
				SWIFT_EMIT_LOC_STRINGS = YES;
				SWIFT_VERSION = 5.0;
				TARGETED_DEVICE_FAMILY = "1,2";
			};
			name = Release;
		};
/* End XCBuildConfiguration section */

/* Begin XCConfigurationList section */
		60121B852A708EB200E48C73 /* Build configuration list for PBXProject "KevychTestTaskSwiftUI" */ = {
			isa = XCConfigurationList;
			buildConfigurations = (
				60121B962A708EB400E48C73 /* Debug */,
				60121B972A708EB400E48C73 /* Release */,
			);
			defaultConfigurationIsVisible = 0;
			defaultConfigurationName = Release;
		};
		60121B982A708EB400E48C73 /* Build configuration list for PBXNativeTarget "KevychTestTaskSwiftUI" */ = {
			isa = XCConfigurationList;
			buildConfigurations = (
				60121B992A708EB400E48C73 /* Debug */,
				60121B9A2A708EB400E48C73 /* Release */,
			);
			defaultConfigurationIsVisible = 0;
			defaultConfigurationName = Release;
		};
/* End XCConfigurationList section */

/* Begin XCRemoteSwiftPackageReference section */
		60121B9D2A708F9F00E48C73 /* XCRemoteSwiftPackageReference "SDWebImage" */ = {
			isa = XCRemoteSwiftPackageReference;
			repositoryURL = "https://github.com/SDWebImage/SDWebImage.git";
			requirement = {
				kind = upToNextMajorVersion;
				minimumVersion = 5.0.0;
			};
		};
		60121BA22A708FBA00E48C73 /* XCRemoteSwiftPackageReference "SDWebImageSwiftUI" */ = {
			isa = XCRemoteSwiftPackageReference;
			repositoryURL = "https://github.com/SDWebImage/SDWebImageSwiftUI";
			requirement = {
				kind = upToNextMajorVersion;
				minimumVersion = 2.0.0;
			};
		};
/* End XCRemoteSwiftPackageReference section */

/* Begin XCSwiftPackageProductDependency section */
		60121B9E2A708FA000E48C73 /* SDWebImage */ = {
			isa = XCSwiftPackageProductDependency;
			package = 60121B9D2A708F9F00E48C73 /* XCRemoteSwiftPackageReference "SDWebImage" */;
			productName = SDWebImage;
		};
		60121BA02A708FA000E48C73 /* SDWebImageMapKit */ = {
			isa = XCSwiftPackageProductDependency;
			package = 60121B9D2A708F9F00E48C73 /* XCRemoteSwiftPackageReference "SDWebImage" */;
			productName = SDWebImageMapKit;
		};
		60121BA32A708FBA00E48C73 /* SDWebImageSwiftUI */ = {
			isa = XCSwiftPackageProductDependency;
			package = 60121BA22A708FBA00E48C73 /* XCRemoteSwiftPackageReference "SDWebImageSwiftUI" */;
			productName = SDWebImageSwiftUI;
		};
/* End XCSwiftPackageProductDependency section */
	};
	rootObject = 60121B822A708EB200E48C73 /* Project object */;
}
