// !$*UTF8*$!
{
	archiveVersion = 1;
	classes = {
	};
	objectVersion = 56;
	objects = {

/* Begin PBXBuildFile section */
		60121B8E2A708EB200E48C73 /* KevychTestTaskSwiftUIApp.swift in Sources */ = {isa = PBXBuildFile; fileRef = 60121B8D2A708EB200E48C73 /* KevychTestTaskSwiftUIApp.swift */; };
		60121B902A708EB200E48C73 /* ContentView.swift in Sources */ = {isa = PBXBuildFile; fileRef = 60121B8F2A708EB200E48C73 /* ContentView.swift */; };
		60121B922A708EB400E48C73 /* Assets.xcassets in Resources */ = {isa = PBXBuildFile; fileRef = 60121B912A708EB400E48C73 /* Assets.xcassets */; };
		60121B952A708EB400E48C73 /* Preview Assets.xcassets in Resources */ = {isa = PBXBuildFile; fileRef = 60121B942A708EB400E48C73 /* Preview Assets.xcassets */; };
		60121B9F2A708FA000E48C73 /* SDWebImage in Frameworks */ = {isa = PBXBuildFile; productRef = 60121B9E2A708FA000E48C73 /* SDWebImage */; };
		60121BA12A708FA000E48C73 /* SDWebImageMapKit in Frameworks */ = {isa = PBXBuildFile; productRef = 60121BA02A708FA000E48C73 /* SDWebImageMapKit */; };
		60121BA42A708FBA00E48C73 /* SDWebImageSwiftUI in Frameworks */ = {isa = PBXBuildFile; productRef = 60121BA32A708FBA00E48C73 /* SDWebImageSwiftUI */; };
		60121BA62A708FE200E48C73 /* ForecastViewModel.swift in Sources */ = {isa = PBXBuildFile; fileRef = 60121BA52A708FE200E48C73 /* ForecastViewModel.swift */; };
		60121BA82A70901A00E48C73 /* UIApplication+Extensions.swift in Sources */ = {isa = PBXBuildFile; fileRef = 60121BA72A70901A00E48C73 /* UIApplication+Extensions.swift */; };
		60121BAA2A70903B00E48C73 /* ForecastListViewModel.swift in Sources */ = {isa = PBXBuildFile; fileRef = 60121BA92A70903B00E48C73 /* ForecastListViewModel.swift */; };
		60121BAC2A70905500E48C73 /* ForecastModel.swift in Sources */ = {isa = PBXBuildFile; fileRef = 60121BAB2A70905500E48C73 /* ForecastModel.swift */; };
		60121BAE2A70908C00E48C73 /* APIService.swift in Sources */ = {isa = PBXBuildFile; fileRef = 60121BAD2A70908C00E48C73 /* APIService.swift */; };
		60121BCC2A75384900E48C73 /* CitiesModel.swift in Sources */ = {isa = PBXBuildFile; fileRef = 60121BCB2A75384900E48C73 /* CitiesModel.swift */; };
		6044D46C2A755B68001459F5 /* HourlyWeatherView.swift in Sources */ = {isa = PBXBuildFile; fileRef = 6044D46B2A755B68001459F5 /* HourlyWeatherView.swift */; };
		6044D4702A75B136001459F5 /* WeatherForecastViewModel.swift in Sources */ = {isa = PBXBuildFile; fileRef = 6044D46F2A75B136001459F5 /* WeatherForecastViewModel.swift */; };
		6044D4722A75B158001459F5 /* DailyViewModel.swift in Sources */ = {isa = PBXBuildFile; fileRef = 6044D4712A75B158001459F5 /* DailyViewModel.swift */; };
		6044D4742A75B16E001459F5 /* HourlyViewModel.swift in Sources */ = {isa = PBXBuildFile; fileRef = 6044D4732A75B16E001459F5 /* HourlyViewModel.swift */; };
		6044D4762A75B183001459F5 /* AppError.swift in Sources */ = {isa = PBXBuildFile; fileRef = 6044D4752A75B183001459F5 /* AppError.swift */; };
		6044D4782A75BAD9001459F5 /* WeatherForecastListView.swift in Sources */ = {isa = PBXBuildFile; fileRef = 6044D4772A75BAD9001459F5 /* WeatherForecastListView.swift */; };
		6044D47A2A75C044001459F5 /* LocationManager.swift in Sources */ = {isa = PBXBuildFile; fileRef = 6044D4792A75C044001459F5 /* LocationManager.swift */; };
		6044D47C2A75C0C1001459F5 /* Extension+Notification.Name.swift in Sources */ = {isa = PBXBuildFile; fileRef = 6044D47B2A75C0C1001459F5 /* Extension+Notification.Name.swift */; };
		6044D4862A771B3C001459F5 /* HourlyWeatherForecastListViewContent.swift in Sources */ = {isa = PBXBuildFile; fileRef = 6044D4852A771B3C001459F5 /* HourlyWeatherForecastListViewContent.swift */; };
		6044D4882A771FAA001459F5 /* SearchBar.swift in Sources */ = {isa = PBXBuildFile; fileRef = 6044D4872A771FAA001459F5 /* SearchBar.swift */; };
		6044D48A2A7723DA001459F5 /* LeadingOverlay.swift in Sources */ = {isa = PBXBuildFile; fileRef = 6044D4892A7723DA001459F5 /* LeadingOverlay.swift */; };
		6044D48C2A7723F3001459F5 /* WeatherListView.swift in Sources */ = {isa = PBXBuildFile; fileRef = 6044D48B2A7723F3001459F5 /* WeatherListView.swift */; };
/* End PBXBuildFile section */

/* Begin PBXFileReference section */
		60121B8A2A708EB200E48C73 /* KevychTestTaskSwiftUI.app */ = {isa = PBXFileReference; explicitFileType = wrapper.application; includeInIndex = 0; path = KevychTestTaskSwiftUI.app; sourceTree = BUILT_PRODUCTS_DIR; };
		60121B8D2A708EB200E48C73 /* KevychTestTaskSwiftUIApp.swift */ = {isa = PBXFileReference; lastKnownFileType = sourcecode.swift; path = KevychTestTaskSwiftUIApp.swift; sourceTree = "<group>"; };
		60121B8F2A708EB200E48C73 /* ContentView.swift */ = {isa = PBXFileReference; lastKnownFileType = sourcecode.swift; path = ContentView.swift; sourceTree = "<group>"; };
		60121B912A708EB400E48C73 /* Assets.xcassets */ = {isa = PBXFileReference; lastKnownFileType = folder.assetcatalog; path = Assets.xcassets; sourceTree = "<group>"; };
		60121B942A708EB400E48C73 /* Preview Assets.xcassets */ = {isa = PBXFileReference; lastKnownFileType = folder.assetcatalog; path = "Preview Assets.xcassets"; sourceTree = "<group>"; };
		60121BA52A708FE200E48C73 /* ForecastViewModel.swift */ = {isa = PBXFileReference; lastKnownFileType = sourcecode.swift; path = ForecastViewModel.swift; sourceTree = "<group>"; };
		60121BA72A70901A00E48C73 /* UIApplication+Extensions.swift */ = {isa = PBXFileReference; lastKnownFileType = sourcecode.swift; path = "UIApplication+Extensions.swift"; sourceTree = "<group>"; };
		60121BA92A70903B00E48C73 /* ForecastListViewModel.swift */ = {isa = PBXFileReference; lastKnownFileType = sourcecode.swift; path = ForecastListViewModel.swift; sourceTree = "<group>"; };
		60121BAB2A70905500E48C73 /* ForecastModel.swift */ = {isa = PBXFileReference; lastKnownFileType = sourcecode.swift; path = ForecastModel.swift; sourceTree = "<group>"; };
		60121BAD2A70908C00E48C73 /* APIService.swift */ = {isa = PBXFileReference; lastKnownFileType = sourcecode.swift; path = APIService.swift; sourceTree = "<group>"; };
		60121BCB2A75384900E48C73 /* CitiesModel.swift */ = {isa = PBXFileReference; lastKnownFileType = sourcecode.swift; path = CitiesModel.swift; sourceTree = "<group>"; };
		6044D46B2A755B68001459F5 /* HourlyWeatherView.swift */ = {isa = PBXFileReference; lastKnownFileType = sourcecode.swift; path = HourlyWeatherView.swift; sourceTree = "<group>"; };
		6044D46F2A75B136001459F5 /* WeatherForecastViewModel.swift */ = {isa = PBXFileReference; lastKnownFileType = sourcecode.swift; path = WeatherForecastViewModel.swift; sourceTree = "<group>"; };
		6044D4712A75B158001459F5 /* DailyViewModel.swift */ = {isa = PBXFileReference; lastKnownFileType = sourcecode.swift; path = DailyViewModel.swift; sourceTree = "<group>"; };
		6044D4732A75B16E001459F5 /* HourlyViewModel.swift */ = {isa = PBXFileReference; lastKnownFileType = sourcecode.swift; path = HourlyViewModel.swift; sourceTree = "<group>"; };
		6044D4752A75B183001459F5 /* AppError.swift */ = {isa = PBXFileReference; lastKnownFileType = sourcecode.swift; path = AppError.swift; sourceTree = "<group>"; };
		6044D4772A75BAD9001459F5 /* WeatherForecastListView.swift */ = {isa = PBXFileReference; lastKnownFileType = sourcecode.swift; path = WeatherForecastListView.swift; sourceTree = "<group>"; };
		6044D4792A75C044001459F5 /* LocationManager.swift */ = {isa = PBXFileReference; lastKnownFileType = sourcecode.swift; path = LocationManager.swift; sourceTree = "<group>"; };
		6044D47B2A75C0C1001459F5 /* Extension+Notification.Name.swift */ = {isa = PBXFileReference; lastKnownFileType = sourcecode.swift; path = "Extension+Notification.Name.swift"; sourceTree = "<group>"; };
		6044D4852A771B3C001459F5 /* HourlyWeatherForecastListViewContent.swift */ = {isa = PBXFileReference; lastKnownFileType = sourcecode.swift; path = HourlyWeatherForecastListViewContent.swift; sourceTree = "<group>"; };
		6044D4872A771FAA001459F5 /* SearchBar.swift */ = {isa = PBXFileReference; lastKnownFileType = sourcecode.swift; path = SearchBar.swift; sourceTree = "<group>"; };
		6044D4892A7723DA001459F5 /* LeadingOverlay.swift */ = {isa = PBXFileReference; lastKnownFileType = sourcecode.swift; path = LeadingOverlay.swift; sourceTree = "<group>"; };
		6044D48B2A7723F3001459F5 /* WeatherListView.swift */ = {isa = PBXFileReference; lastKnownFileType = sourcecode.swift; path = WeatherListView.swift; sourceTree = "<group>"; };
		6044D4922A778DD2001459F5 /* Info.plist */ = {isa = PBXFileReference; fileEncoding = 4; lastKnownFileType = text.plist.xml; path = Info.plist; sourceTree = "<group>"; };
/* End PBXFileReference section */

/* Begin PBXFrameworksBuildPhase section */
		60121B872A708EB200E48C73 /* Frameworks */ = {
			isa = PBXFrameworksBuildPhase;
			buildActionMask = 2147483647;
			files = (
				60121BA42A708FBA00E48C73 /* SDWebImageSwiftUI in Frameworks */,
				60121BA12A708FA000E48C73 /* SDWebImageMapKit in Frameworks */,
				60121B9F2A708FA000E48C73 /* SDWebImage in Frameworks */,
			);
			runOnlyForDeploymentPostprocessing = 0;
		};
/* End PBXFrameworksBuildPhase section */

/* Begin PBXGroup section */
		60121B812A708EB200E48C73 = {
			isa = PBXGroup;
			children = (
				60121B8C2A708EB200E48C73 /* KevychTestTaskSwiftUI */,
				60121B8B2A708EB200E48C73 /* Products */,
			);
			sourceTree = "<group>";
		};
		60121B8B2A708EB200E48C73 /* Products */ = {
			isa = PBXGroup;
			children = (
				60121B8A2A708EB200E48C73 /* KevychTestTaskSwiftUI.app */,
			);
			name = Products;
			sourceTree = "<group>";
		};
		60121B8C2A708EB200E48C73 /* KevychTestTaskSwiftUI */ = {
			isa = PBXGroup;
			children = (
				60121B8D2A708EB200E48C73 /* KevychTestTaskSwiftUIApp.swift */,
				6044D4832A75CBCA001459F5 /* Views */,
				6044D4822A75CBBF001459F5 /* ViewModels */,
				6044D4812A75C1B2001459F5 /* Tools */,
				6044D47E2A75C13A001459F5 /* Network */,
				6044D47D2A75C0FE001459F5 /* Extensions */,
				60121B912A708EB400E48C73 /* Assets.xcassets */,
				60121B932A708EB400E48C73 /* Preview Content */,
			);
			path = KevychTestTaskSwiftUI;
			sourceTree = "<group>";
		};
		60121B932A708EB400E48C73 /* Preview Content */ = {
			isa = PBXGroup;
			children = (
				60121B942A708EB400E48C73 /* Preview Assets.xcassets */,
			);
			path = "Preview Content";
			sourceTree = "<group>";
		};
		6044D47D2A75C0FE001459F5 /* Extensions */ = {
			isa = PBXGroup;
			children = (
				60121BA72A70901A00E48C73 /* UIApplication+Extensions.swift */,
				6044D47B2A75C0C1001459F5 /* Extension+Notification.Name.swift */,
			);
			path = Extensions;
			sourceTree = "<group>";
		};
		6044D47E2A75C13A001459F5 /* Network */ = {
			isa = PBXGroup;
			children = (
				6044D4802A75C175001459F5 /* Request */,
				6044D47F2A75C162001459F5 /* ForecastModel */,
				6044D4842A75CC01001459F5 /* CitiesModel */,
			);
			path = Network;
			sourceTree = "<group>";
		};
		6044D47F2A75C162001459F5 /* ForecastModel */ = {
			isa = PBXGroup;
			children = (
				60121BAB2A70905500E48C73 /* ForecastModel.swift */,
			);
			path = ForecastModel;
			sourceTree = "<group>";
		};
		6044D4802A75C175001459F5 /* Request */ = {
			isa = PBXGroup;
			children = (
				60121BAD2A70908C00E48C73 /* APIService.swift */,
			);
			path = Request;
			sourceTree = "<group>";
		};
		6044D4812A75C1B2001459F5 /* Tools */ = {
			isa = PBXGroup;
			children = (
				6044D4752A75B183001459F5 /* AppError.swift */,
				6044D4792A75C044001459F5 /* LocationManager.swift */,
			);
			path = Tools;
			sourceTree = "<group>";
		};
		6044D4822A75CBBF001459F5 /* ViewModels */ = {
			isa = PBXGroup;
			children = (
				6044D46F2A75B136001459F5 /* WeatherForecastViewModel.swift */,
				6044D4712A75B158001459F5 /* DailyViewModel.swift */,
				6044D4732A75B16E001459F5 /* HourlyViewModel.swift */,
				60121BA52A708FE200E48C73 /* ForecastViewModel.swift */,
				60121BA92A70903B00E48C73 /* ForecastListViewModel.swift */,
			);
			path = ViewModels;
			sourceTree = "<group>";
		};
		6044D4832A75CBCA001459F5 /* Views */ = {
			isa = PBXGroup;
			children = (
				60121B8F2A708EB200E48C73 /* ContentView.swift */,
				6044D4892A7723DA001459F5 /* LeadingOverlay.swift */,
				6044D4772A75BAD9001459F5 /* WeatherForecastListView.swift */,
				6044D46B2A755B68001459F5 /* HourlyWeatherView.swift */,
				6044D4852A771B3C001459F5 /* HourlyWeatherForecastListViewContent.swift */,
				6044D4872A771FAA001459F5 /* SearchBar.swift */,
				6044D48B2A7723F3001459F5 /* WeatherListView.swift */,
				6044D4922A778DD2001459F5 /* Info.plist */,
			);
			path = Views;
			sourceTree = "<group>";
		};
		6044D4842A75CC01001459F5 /* CitiesModel */ = {
			isa = PBXGroup;
			children = (
				60121BCB2A75384900E48C73 /* CitiesModel.swift */,
			);
			path = CitiesModel;
			sourceTree = "<group>";
		};
/* End PBXGroup section */

/* Begin PBXNativeTarget section */
		60121B892A708EB200E48C73 /* KevychTestTaskSwiftUI */ = {
			isa = PBXNativeTarget;
			buildConfigurationList = 60121B982A708EB400E48C73 /* Build configuration list for PBXNativeTarget "KevychTestTaskSwiftUI" */;
			buildPhases = (
				60121B862A708EB200E48C73 /* Sources */,
				60121B872A708EB200E48C73 /* Frameworks */,
				60121B882A708EB200E48C73 /* Resources */,
			);
			buildRules = (
			);
			dependencies = (
			);
			name = KevychTestTaskSwiftUI;
			packageProductDependencies = (
				60121B9E2A708FA000E48C73 /* SDWebImage */,
				60121BA02A708FA000E48C73 /* SDWebImageMapKit */,
				60121BA32A708FBA00E48C73 /* SDWebImageSwiftUI */,
			);
			productName = KevychTestTaskSwiftUI;
			productReference = 60121B8A2A708EB200E48C73 /* KevychTestTaskSwiftUI.app */;
			productType = "com.apple.product-type.application";
		};
/* End PBXNativeTarget section */

/* Begin PBXProject section */
		60121B822A708EB200E48C73 /* Project object */ = {
			isa = PBXProject;
			attributes = {
				BuildIndependentTargetsInParallel = 1;
				LastSwiftUpdateCheck = 1430;
				LastUpgradeCheck = 1430;
				TargetAttributes = {
					60121B892A708EB200E48C73 = {
						CreatedOnToolsVersion = 14.3;
					};
				};
			};
			buildConfigurationList = 60121B852A708EB200E48C73 /* Build configuration list for PBXProject "KevychTestTaskSwiftUI" */;
			compatibilityVersion = "Xcode 14.0";
			developmentRegion = en;
			hasScannedForEncodings = 0;
			knownRegions = (
				en,
				Base,
			);
			mainGroup = 60121B812A708EB200E48C73;
			packageReferences = (
				60121B9D2A708F9F00E48C73 /* XCRemoteSwiftPackageReference "SDWebImage" */,
				60121BA22A708FBA00E48C73 /* XCRemoteSwiftPackageReference "SDWebImageSwiftUI" */,
			);
			productRefGroup = 60121B8B2A708EB200E48C73 /* Products */;
			projectDirPath = "";
			projectRoot = "";
			targets = (
				60121B892A708EB200E48C73 /* KevychTestTaskSwiftUI */,
			);
		};
/* End PBXProject section */

/* Begin PBXResourcesBuildPhase section */
		60121B882A708EB200E48C73 /* Resources */ = {
			isa = PBXResourcesBuildPhase;
			buildActionMask = 2147483647;
			files = (
				60121B952A708EB400E48C73 /* Preview Assets.xcassets in Resources */,
				60121B922A708EB400E48C73 /* Assets.xcassets in Resources */,
			);
			runOnlyForDeploymentPostprocessing = 0;
		};
/* End PBXResourcesBuildPhase section */

/* Begin PBXSourcesBuildPhase section */
		60121B862A708EB200E48C73 /* Sources */ = {
			isa = PBXSourcesBuildPhase;
			buildActionMask = 2147483647;
			files = (
				60121BA62A708FE200E48C73 /* ForecastViewModel.swift in Sources */,
				60121BAE2A70908C00E48C73 /* APIService.swift in Sources */,
				6044D48A2A7723DA001459F5 /* LeadingOverlay.swift in Sources */,
				6044D48C2A7723F3001459F5 /* WeatherListView.swift in Sources */,
				6044D47A2A75C044001459F5 /* LocationManager.swift in Sources */,
				6044D46C2A755B68001459F5 /* HourlyWeatherView.swift in Sources */,
				6044D4862A771B3C001459F5 /* HourlyWeatherForecastListViewContent.swift in Sources */,
				6044D4882A771FAA001459F5 /* SearchBar.swift in Sources */,
				60121B902A708EB200E48C73 /* ContentView.swift in Sources */,
				6044D4782A75BAD9001459F5 /* WeatherForecastListView.swift in Sources */,
				6044D4762A75B183001459F5 /* AppError.swift in Sources */,
				60121B8E2A708EB200E48C73 /* KevychTestTaskSwiftUIApp.swift in Sources */,
				6044D4722A75B158001459F5 /* DailyViewModel.swift in Sources */,
				60121BA82A70901A00E48C73 /* UIApplication+Extensions.swift in Sources */,
				6044D4742A75B16E001459F5 /* HourlyViewModel.swift in Sources */,
				6044D4702A75B136001459F5 /* WeatherForecastViewModel.swift in Sources */,
				60121BAC2A70905500E48C73 /* ForecastModel.swift in Sources */,
				60121BCC2A75384900E48C73 /* CitiesModel.swift in Sources */,
				6044D47C2A75C0C1001459F5 /* Extension+Notification.Name.swift in Sources */,
				60121BAA2A70903B00E48C73 /* ForecastListViewModel.swift in Sources */,
			);
			runOnlyForDeploymentPostprocessing = 0;
		};
/* End PBXSourcesBuildPhase section */

/* Begin XCBuildConfiguration section */
		60121B962A708EB400E48C73 /* Debug */ = {
			isa = XCBuildConfiguration;
			buildSettings = {
				ALWAYS_SEARCH_USER_PATHS = NO;
				CLANG_ANALYZER_NONNULL = YES;
				CLANG_ANALYZER_NUMBER_OBJECT_CONVERSION = YES_AGGRESSIVE;
				CLANG_CXX_LANGUAGE_STANDARD = "gnu++20";
				CLANG_ENABLE_MODULES = YES;
				CLANG_ENABLE_OBJC_ARC = YES;
				CLANG_ENABLE_OBJC_WEAK = YES;
				CLANG_WARN_BLOCK_CAPTURE_AUTORELEASING = YES;
				CLANG_WARN_BOOL_CONVERSION = YES;
				CLANG_WARN_COMMA = YES;
				CLANG_WARN_CONSTANT_CONVERSION = YES;
				CLANG_WARN_DEPRECATED_OBJC_IMPLEMENTATIONS = YES;
				CLANG_WARN_DIRECT_OBJC_ISA_USAGE = YES_ERROR;
				CLANG_WARN_DOCUMENTATION_COMMENTS = YES;
				CLANG_WARN_EMPTY_BODY = YES;
				CLANG_WARN_ENUM_CONVERSION = YES;
				CLANG_WARN_INFINITE_RECURSION = YES;
				CLANG_WARN_INT_CONVERSION = YES;
				CLANG_WARN_NON_LITERAL_NULL_CONVERSION = YES;
				CLANG_WARN_OBJC_IMPLICIT_RETAIN_SELF = YES;
				CLANG_WARN_OBJC_LITERAL_CONVERSION = YES;
				CLANG_WARN_OBJC_ROOT_CLASS = YES_ERROR;
				CLANG_WARN_QUOTED_INCLUDE_IN_FRAMEWORK_HEADER = YES;
				CLANG_WARN_RANGE_LOOP_ANALYSIS = YES;
				CLANG_WARN_STRICT_PROTOTYPES = YES;
				CLANG_WARN_SUSPICIOUS_MOVE = YES;
				CLANG_WARN_UNGUARDED_AVAILABILITY = YES_AGGRESSIVE;
				CLANG_WARN_UNREACHABLE_CODE = YES;
				CLANG_WARN__DUPLICATE_METHOD_MATCH = YES;
				COPY_PHASE_STRIP = NO;
				DEBUG_INFORMATION_FORMAT = dwarf;
				ENABLE_STRICT_OBJC_MSGSEND = YES;
				ENABLE_TESTABILITY = YES;
				GCC_C_LANGUAGE_STANDARD = gnu11;
				GCC_DYNAMIC_NO_PIC = NO;
				GCC_NO_COMMON_BLOCKS = YES;
				GCC_OPTIMIZATION_LEVEL = 0;
				GCC_PREPROCESSOR_DEFINITIONS = (
					"DEBUG=1",
					"$(inherited)",
				);
				GCC_WARN_64_TO_32_BIT_CONVERSION = YES;
				GCC_WARN_ABOUT_RETURN_TYPE = YES_ERROR;
				GCC_WARN_UNDECLARED_SELECTOR = YES;
				GCC_WARN_UNINITIALIZED_AUTOS = YES_AGGRESSIVE;
				GCC_WARN_UNUSED_FUNCTION = YES;
				GCC_WARN_UNUSED_VARIABLE = YES;
				IPHONEOS_DEPLOYMENT_TARGET = 16.4;
				MTL_ENABLE_DEBUG_INFO = INCLUDE_SOURCE;
				MTL_FAST_MATH = YES;
				ONLY_ACTIVE_ARCH = YES;
				SDKROOT = iphoneos;
				SWIFT_ACTIVE_COMPILATION_CONDITIONS = DEBUG;
				SWIFT_OPTIMIZATION_LEVEL = "-Onone";
			};
			name = Debug;
		};
		60121B972A708EB400E48C73 /* Release */ = {
			isa = XCBuildConfiguration;
			buildSettings = {
				ALWAYS_SEARCH_USER_PATHS = NO;
				CLANG_ANALYZER_NONNULL = YES;
				CLANG_ANALYZER_NUMBER_OBJECT_CONVERSION = YES_AGGRESSIVE;
				CLANG_CXX_LANGUAGE_STANDARD = "gnu++20";
				CLANG_ENABLE_MODULES = YES;
				CLANG_ENABLE_OBJC_ARC = YES;
				CLANG_ENABLE_OBJC_WEAK = YES;
				CLANG_WARN_BLOCK_CAPTURE_AUTORELEASING = YES;
				CLANG_WARN_BOOL_CONVERSION = YES;
				CLANG_WARN_COMMA = YES;
				CLANG_WARN_CONSTANT_CONVERSION = YES;
				CLANG_WARN_DEPRECATED_OBJC_IMPLEMENTATIONS = YES;
				CLANG_WARN_DIRECT_OBJC_ISA_USAGE = YES_ERROR;
				CLANG_WARN_DOCUMENTATION_COMMENTS = YES;
				CLANG_WARN_EMPTY_BODY = YES;
				CLANG_WARN_ENUM_CONVERSION = YES;
				CLANG_WARN_INFINITE_RECURSION = YES;
				CLANG_WARN_INT_CONVERSION = YES;
				CLANG_WARN_NON_LITERAL_NULL_CONVERSION = YES;
				CLANG_WARN_OBJC_IMPLICIT_RETAIN_SELF = YES;
				CLANG_WARN_OBJC_LITERAL_CONVERSION = YES;
				CLANG_WARN_OBJC_ROOT_CLASS = YES_ERROR;
				CLANG_WARN_QUOTED_INCLUDE_IN_FRAMEWORK_HEADER = YES;
				CLANG_WARN_RANGE_LOOP_ANALYSIS = YES;
				CLANG_WARN_STRICT_PROTOTYPES = YES;
				CLANG_WARN_SUSPICIOUS_MOVE = YES;
				CLANG_WARN_UNGUARDED_AVAILABILITY = YES_AGGRESSIVE;
				CLANG_WARN_UNREACHABLE_CODE = YES;
				CLANG_WARN__DUPLICATE_METHOD_MATCH = YES;
				COPY_PHASE_STRIP = NO;
				DEBUG_INFORMATION_FORMAT = "dwarf-with-dsym";
				ENABLE_NS_ASSERTIONS = NO;
				ENABLE_STRICT_OBJC_MSGSEND = YES;
				GCC_C_LANGUAGE_STANDARD = gnu11;
				GCC_NO_COMMON_BLOCKS = YES;
				GCC_WARN_64_TO_32_BIT_CONVERSION = YES;
				GCC_WARN_ABOUT_RETURN_TYPE = YES_ERROR;
				GCC_WARN_UNDECLARED_SELECTOR = YES;
				GCC_WARN_UNINITIALIZED_AUTOS = YES_AGGRESSIVE;
				GCC_WARN_UNUSED_FUNCTION = YES;
				GCC_WARN_UNUSED_VARIABLE = YES;
				IPHONEOS_DEPLOYMENT_TARGET = 16.4;
				MTL_ENABLE_DEBUG_INFO = NO;
				MTL_FAST_MATH = YES;
				SDKROOT = iphoneos;
				SWIFT_COMPILATION_MODE = wholemodule;
				SWIFT_OPTIMIZATION_LEVEL = "-O";
				VALIDATE_PRODUCT = YES;
			};
			name = Release;
		};
		60121B992A708EB400E48C73 /* Debug */ = {
			isa = XCBuildConfiguration;
			buildSettings = {
				ASSETCATALOG_COMPILER_APPICON_NAME = AppIcon;
				ASSETCATALOG_COMPILER_GLOBAL_ACCENT_COLOR_NAME = AccentColor;
				CODE_SIGN_STYLE = Automatic;
				CURRENT_PROJECT_VERSION = 1;
				DEVELOPMENT_ASSET_PATHS = "\"KevychTestTaskSwiftUI/Preview Content\"";
				DEVELOPMENT_TEAM = 8Z2VPUX459;
				ENABLE_PREVIEWS = YES;
				GENERATE_INFOPLIST_FILE = YES;
				INFOPLIST_KEY_NSLocationAlwaysAndWhenInUseUsageDescription = "Please allow us access your location";
				INFOPLIST_KEY_UIApplicationSceneManifest_Generation = YES;
				INFOPLIST_KEY_UIApplicationSupportsIndirectInputEvents = YES;
				INFOPLIST_KEY_UILaunchScreen_Generation = YES;
				INFOPLIST_KEY_UISupportedInterfaceOrientations = UIInterfaceOrientationPortrait;
				LD_RUNPATH_SEARCH_PATHS = (
					"$(inherited)",
					"@executable_path/Frameworks",
				);
				MARKETING_VERSION = 1.0;
				PRODUCT_BUNDLE_IDENTIFIER = gfnj.KevychTestTaskSwiftUI;
				PRODUCT_NAME = "$(TARGET_NAME)";
				SWIFT_EMIT_LOC_STRINGS = YES;
				SWIFT_VERSION = 5.0;
				TARGETED_DEVICE_FAMILY = "1,2";
			};
			name = Debug;
		};
		60121B9A2A708EB400E48C73 /* Release */ = {
			isa = XCBuildConfiguration;
			buildSettings = {
				ASSETCATALOG_COMPILER_APPICON_NAME = AppIcon;
				ASSETCATALOG_COMPILER_GLOBAL_ACCENT_COLOR_NAME = AccentColor;
				CODE_SIGN_STYLE = Automatic;
				CURRENT_PROJECT_VERSION = 1;
				DEVELOPMENT_ASSET_PATHS = "\"KevychTestTaskSwiftUI/Preview Content\"";
				DEVELOPMENT_TEAM = 8Z2VPUX459;
				ENABLE_PREVIEWS = YES;
				GENERATE_INFOPLIST_FILE = YES;
				INFOPLIST_KEY_NSLocationAlwaysAndWhenInUseUsageDescription = "Please allow us access your location";
				INFOPLIST_KEY_UIApplicationSceneManifest_Generation = YES;
				INFOPLIST_KEY_UIApplicationSupportsIndirectInputEvents = YES;
				INFOPLIST_KEY_UILaunchScreen_Generation = YES;
				INFOPLIST_KEY_UISupportedInterfaceOrientations = UIInterfaceOrientationPortrait;
				LD_RUNPATH_SEARCH_PATHS = (
					"$(inherited)",
					"@executable_path/Frameworks",
				);
				MARKETING_VERSION = 1.0;
				PRODUCT_BUNDLE_IDENTIFIER = gfnj.KevychTestTaskSwiftUI;
				PRODUCT_NAME = "$(TARGET_NAME)";
				SWIFT_EMIT_LOC_STRINGS = YES;
				SWIFT_VERSION = 5.0;
				TARGETED_DEVICE_FAMILY = "1,2";
			};
			name = Release;
		};
/* End XCBuildConfiguration section */

/* Begin XCConfigurationList section */
		60121B852A708EB200E48C73 /* Build configuration list for PBXProject "KevychTestTaskSwiftUI" */ = {
			isa = XCConfigurationList;
			buildConfigurations = (
				60121B962A708EB400E48C73 /* Debug */,
				60121B972A708EB400E48C73 /* Release */,
			);
			defaultConfigurationIsVisible = 0;
			defaultConfigurationName = Release;
		};
		60121B982A708EB400E48C73 /* Build configuration list for PBXNativeTarget "KevychTestTaskSwiftUI" */ = {
			isa = XCConfigurationList;
			buildConfigurations = (
				60121B992A708EB400E48C73 /* Debug */,
				60121B9A2A708EB400E48C73 /* Release */,
			);
			defaultConfigurationIsVisible = 0;
			defaultConfigurationName = Release;
		};
/* End XCConfigurationList section */

/* Begin XCRemoteSwiftPackageReference section */
		60121B9D2A708F9F00E48C73 /* XCRemoteSwiftPackageReference "SDWebImage" */ = {
			isa = XCRemoteSwiftPackageReference;
			repositoryURL = "https://github.com/SDWebImage/SDWebImage.git";
			requirement = {
				kind = upToNextMajorVersion;
				minimumVersion = 5.0.0;
			};
		};
		60121BA22A708FBA00E48C73 /* XCRemoteSwiftPackageReference "SDWebImageSwiftUI" */ = {
			isa = XCRemoteSwiftPackageReference;
			repositoryURL = "https://github.com/SDWebImage/SDWebImageSwiftUI";
			requirement = {
				kind = upToNextMajorVersion;
				minimumVersion = 2.0.0;
			};
		};
/* End XCRemoteSwiftPackageReference section */

/* Begin XCSwiftPackageProductDependency section */
		60121B9E2A708FA000E48C73 /* SDWebImage */ = {
			isa = XCSwiftPackageProductDependency;
			package = 60121B9D2A708F9F00E48C73 /* XCRemoteSwiftPackageReference "SDWebImage" */;
			productName = SDWebImage;
		};
		60121BA02A708FA000E48C73 /* SDWebImageMapKit */ = {
			isa = XCSwiftPackageProductDependency;
			package = 60121B9D2A708F9F00E48C73 /* XCRemoteSwiftPackageReference "SDWebImage" */;
			productName = SDWebImageMapKit;
		};
		60121BA32A708FBA00E48C73 /* SDWebImageSwiftUI */ = {
			isa = XCSwiftPackageProductDependency;
			package = 60121BA22A708FBA00E48C73 /* XCRemoteSwiftPackageReference "SDWebImageSwiftUI" */;
			productName = SDWebImageSwiftUI;
		};
/* End XCSwiftPackageProductDependency section */
	};
	rootObject = 60121B822A708EB200E48C73 /* Project object */;
}
